
Microsoft Visual Studio Solution File, Format Version 12.00
# Visual Studio 15
Project("{FAE04EC0-301F-11D3-BF4B-00C04F79EFBC}") = "JogoDaVelha", "JogoDaVelha\JogoDaVelha.csproj", "{F51D04D2-82E4-4A74-85FB-24ED8B2C3BDC}"
EndProject
Global
	GlobalSection(SolutionConfigurationPlatforms) = preSolution
		Debug|anycpu = Debug|anycpu
		Release|anycpu = Release|anycpu
	EndGlobalSection
	GlobalSection(ProjectConfigurationPlatforms) = postSolution
		{F51D04D2-82E4-4A74-85FB-24ED8B2C3BDC}.Debug|anycpu.ActiveCfg = Debug|anycpu
		{F51D04D2-82E4-4A74-85FB-24ED8B2C3BDC}.Debug|anycpu.Build.0 = Debug|anycpu
		{F51D04D2-82E4-4A74-85FB-24ED8B2C3BDC}.Release|anycpu.ActiveCfg = Release|anycpu
		{F51D04D2-82E4-4A74-85FB-24ED8B2C3BDC}.Release|anycpu.Build.0 = Release|anycpu
	EndGlobalSection
EndGlobal
